
Microsoft Visual Studio Solution File, Format Version 12.00
# Visual Studio Version 17
VisualStudioVersion = 17.11.35312.102
MinimumVisualStudioVersion = 10.0.40219.1
Project("{9A19103F-16F7-4668-BE54-9A1E7A4F7556}") = "TechTest", "TechTest.csproj", "{44C1347B-8569-4894-97FE-6B1E3C452EB0}"
EndProject
Global
	GlobalSection(SolutionConfigurationPlatforms) = preSolution
		Debug|Any CPU = Debug|Any CPU
		Release|Any CPU = Release|Any CPU
	EndGlobalSection
	GlobalSection(ProjectConfigurationPlatforms) = postSolution
		{44C1347B-8569-4894-97FE-6B1E3C452EB0}.Debug|Any CPU.ActiveCfg = Debug|Any CPU
		{44C1347B-8569-4894-97FE-6B1E3C452EB0}.Debug|Any CPU.Build.0 = Debug|Any CPU
		{44C1347B-8569-4894-97FE-6B1E3C452EB0}.Release|Any CPU.ActiveCfg = Release|Any CPU
		{44C1347B-8569-4894-97FE-6B1E3C452EB0}.Release|Any CPU.Build.0 = Release|Any CPU
	EndGlobalSection
	GlobalSection(SolutionProperties) = preSolution
		HideSolutionNode = FALSE
	EndGlobalSection
	GlobalSection(ExtensibilityGlobals) = postSolution
		SolutionGuid = {0F5AB3E3-221A-4C73-850E-30E09FA025D1}
	EndGlobalSection
EndGlobal
